PODS:
  - Alamofire (4.0.0)
  - Bolts (1.8.4):
    - Bolts/AppLinks (= 1.8.4)
    - Bolts/Tasks (= 1.8.4)
  - Bolts/AppLinks (1.8.4):
    - Bolts/Tasks
  - Bolts/Tasks (1.8.4)
  - CryptoSwift (0.6.0)
  - FBSDKCoreKit (4.15.1):
    - Bolts (~> 1.7)
  - FBSDKLoginKit (4.15.1):
    - FBSDKCoreKit
  - ObjectMapper (2.0.0)
  - Plist (0.1.0)
  - Starscream (1.1.3)

DEPENDENCIES:
  - Alamofire
  - CryptoSwift
  - FBSDKCoreKit
  - FBSDKLoginKit
  - ObjectMapper
  - Plist
  - Starscream

SPEC CHECKSUMS:
  Alamofire: fef59f00388f267e52d9b432aa5d93dc97190f14
  Bolts: 8a7995239dbe724f9cba2248b766d48b7ebdd322
  CryptoSwift: 4a599b7241b8d3b857d6e2c28867d0bd5d1aae24
  FBSDKCoreKit: fc7fa53d16b095ee3fd53f0cd59f1df8bcbb634d
  FBSDKLoginKit: 073f79b3b2e762fc6f54a283fe15f45372d59f5f
  ObjectMapper: aed2570edabbd3c9b26c939e1cabdb6558f933e0
  Plist: bab866356000edecf38fcda2b71092c6bc211c27
  Starscream: d662732354b40dd19ed1ece3e3c44c80b536b83c

PODFILE CHECKSUM: 88cb8565943e2754c6c5a797a4c8d64cfc8f94f5

COCOAPODS: 1.0.1
